
Microsoft Visual Studio Solution File, Format Version 12.00
# Visual Studio Version 17
VisualStudioVersion = 17.0.31919.166
MinimumVisualStudioVersion = 10.0.40219.1
Project("{FAE04EC0-301F-11D3-BF4B-00C04F79EFBC}") = "MVC-08", "MVC-08\MVC-08.csproj", "{EE19017C-9F8A-4600-8FA7-182FB22414ED}"
EndProject
Global
	GlobalSection(SolutionConfigurationPlatforms) = preSolution
		Debug|Any CPU = Debug|Any CPU
		Release|Any CPU = Release|Any CPU
	EndGlobalSection
	GlobalSection(ProjectConfigurationPlatforms) = postSolution
		{EE19017C-9F8A-4600-8FA7-182FB22414ED}.Debug|Any CPU.ActiveCfg = Debug|Any CPU
		{EE19017C-9F8A-4600-8FA7-182FB22414ED}.Debug|Any CPU.Build.0 = Debug|Any CPU
		{EE19017C-9F8A-4600-8FA7-182FB22414ED}.Release|Any CPU.ActiveCfg = Release|Any CPU
		{EE19017C-9F8A-4600-8FA7-182FB22414ED}.Release|Any CPU.Build.0 = Release|Any CPU
	EndGlobalSection
	GlobalSection(SolutionProperties) = preSolution
		HideSolutionNode = FALSE
	EndGlobalSection
	GlobalSection(ExtensibilityGlobals) = postSolution
		SolutionGuid = {3BB29408-16ED-4E64-ADE1-D4EAD0869141}
	EndGlobalSection
EndGlobal
